
Microsoft Visual Studio Solution File, Format Version 12.00
# Visual Studio Version 17
VisualStudioVersion = 17.3.32804.467
MinimumVisualStudioVersion = 10.0.40219.1
Project("{FAE04EC0-301F-11D3-BF4B-00C04F79EFBC}") = "InferenceRuler", "InferenceRuler.csproj", "{5D8B12FB-C791-4830-8909-A38A7B0E1A5A}"
EndProject
Project("{FAE04EC0-301F-11D3-BF4B-00C04F79EFBC}") = "Rules UI", "..\Rules UI\Rules UI.csproj", "{7E3923CB-49F6-49EB-B17F-E4BE26303FC2}"
EndProject
Project("{FAE04EC0-301F-11D3-BF4B-00C04F79EFBC}") = "TestInferenceRuler", "..\TestInferenceRuler\TestInferenceRuler.csproj", "{C0D7A24F-87DD-4075-B4F7-DCBE27BE45B1}"
EndProject
Global
	GlobalSection(SolutionConfigurationPlatforms) = preSolution
		Debug|Any CPU = Debug|Any CPU
		Release|Any CPU = Release|Any CPU
	EndGlobalSection
	GlobalSection(ProjectConfigurationPlatforms) = postSolution
		{5D8B12FB-C791-4830-8909-A38A7B0E1A5A}.Debug|Any CPU.ActiveCfg = Debug|Any CPU
		{5D8B12FB-C791-4830-8909-A38A7B0E1A5A}.Debug|Any CPU.Build.0 = Debug|Any CPU
		{5D8B12FB-C791-4830-8909-A38A7B0E1A5A}.Release|Any CPU.ActiveCfg = Release|Any CPU
		{5D8B12FB-C791-4830-8909-A38A7B0E1A5A}.Release|Any CPU.Build.0 = Release|Any CPU
		{7E3923CB-49F6-49EB-B17F-E4BE26303FC2}.Debug|Any CPU.ActiveCfg = Debug|Any CPU
		{7E3923CB-49F6-49EB-B17F-E4BE26303FC2}.Debug|Any CPU.Build.0 = Debug|Any CPU
		{7E3923CB-49F6-49EB-B17F-E4BE26303FC2}.Release|Any CPU.ActiveCfg = Release|Any CPU
		{7E3923CB-49F6-49EB-B17F-E4BE26303FC2}.Release|Any CPU.Build.0 = Release|Any CPU
		{C0D7A24F-87DD-4075-B4F7-DCBE27BE45B1}.Debug|Any CPU.ActiveCfg = Debug|Any CPU
		{C0D7A24F-87DD-4075-B4F7-DCBE27BE45B1}.Debug|Any CPU.Build.0 = Debug|Any CPU
		{C0D7A24F-87DD-4075-B4F7-DCBE27BE45B1}.Release|Any CPU.ActiveCfg = Release|Any CPU
		{C0D7A24F-87DD-4075-B4F7-DCBE27BE45B1}.Release|Any CPU.Build.0 = Release|Any CPU
	EndGlobalSection
	GlobalSection(SolutionProperties) = preSolution
		HideSolutionNode = FALSE
	EndGlobalSection
	GlobalSection(ExtensibilityGlobals) = postSolution
		SolutionGuid = {A6984613-068B-4486-8ACD-41CE5459FB63}
	EndGlobalSection
EndGlobal
